# This file is automatically @generated by Cargo.
# It is not intended for manual editing.
version = 4

[[package]]
name = "flash-agent"
version = "0.1.0"
dependencies = [
 "flash-core",
 "flash-provider",
 "flash-tools",
]

[[package]]
name = "flash-cli"
version = "0.1.0"
dependencies = [
 "flash-agent",
 "flash-core",
 "flash-tools",
 "flash-tui",
]

[[package]]
name = "flash-core"
version = "0.1.0"

[[package]]
name = "flash-deepseek"
version = "0.1.0"
dependencies = [
 "flash-provider",
]

[[package]]
name = "flash-provider"
version = "0.1.0"
dependencies = [
 "flash-core",
]

[[package]]
name = "flash-tools"
version = "0.1.0"
dependencies = [
 "flash-core",
]

[[package]]
name = "flash-tui"
version = "0.1.0"
dependencies = [
 "flash-core",
]
